
Microsoft Visual Studio Solution File, Format Version 12.00
# Visual Studio Version 16
VisualStudioVersion = 16.0.32228.343
MinimumVisualStudioVersion = 10.0.40219.1
Project("{FAE04EC0-301F-11D3-BF4B-00C04F79EFBC}") = "SPmvccrudoperations", "SPmvccrudoperations.csproj", "{0EFE0849-1315-4E7F-BBCB-45D0110C1A3E}"
EndProject
Project("{FAE04EC0-301F-11D3-BF4B-00C04F79EFBC}") = "SpMvccrudoperations.Api", "..\SpMvccrudoperations.Api\SpMvccrudoperations.Api.csproj", "{5013B98A-0B15-4DCC-BCE2-639D69B05533}"
EndProject
Global
	GlobalSection(SolutionConfigurationPlatforms) = preSolution
		Debug|Any CPU = Debug|Any CPU
		Release|Any CPU = Release|Any CPU
	EndGlobalSection
	GlobalSection(ProjectConfigurationPlatforms) = postSolution
		{0EFE0849-1315-4E7F-BBCB-45D0110C1A3E}.Debug|Any CPU.ActiveCfg = Debug|Any CPU
		{0EFE0849-1315-4E7F-BBCB-45D0110C1A3E}.Debug|Any CPU.Build.0 = Debug|Any CPU
		{0EFE0849-1315-4E7F-BBCB-45D0110C1A3E}.Release|Any CPU.ActiveCfg = Release|Any CPU
		{0EFE0849-1315-4E7F-BBCB-45D0110C1A3E}.Release|Any CPU.Build.0 = Release|Any CPU
		{5013B98A-0B15-4DCC-BCE2-639D69B05533}.Debug|Any CPU.ActiveCfg = Debug|Any CPU
		{5013B98A-0B15-4DCC-BCE2-639D69B05533}.Debug|Any CPU.Build.0 = Debug|Any CPU
		{5013B98A-0B15-4DCC-BCE2-639D69B05533}.Release|Any CPU.ActiveCfg = Release|Any CPU
		{5013B98A-0B15-4DCC-BCE2-639D69B05533}.Release|Any CPU.Build.0 = Release|Any CPU
	EndGlobalSection
	GlobalSection(SolutionProperties) = preSolution
		HideSolutionNode = FALSE
	EndGlobalSection
	GlobalSection(ExtensibilityGlobals) = postSolution
		SolutionGuid = {2C7FE858-DAB9-4DA4-AC02-17C81A827B06}
	EndGlobalSection
EndGlobal
